
Microsoft Visual Studio Solution File, Format Version 12.00
# Visual Studio 14
VisualStudioVersion = 14.0.25420.1
MinimumVisualStudioVersion = 10.0.40219.1
Project("{FAE04EC0-301F-11D3-BF4B-00C04F79EFBC}") = "HackerRank", "HackerRank\HackerRank.csproj", "{F3CBF3D3-31D7-466F-A168-7452ADE584CA}"
EndProject
Project("{F2A71F9B-5D33-465A-A702-920D77279786}") = "HackerRank_FS", "HackerRank_FS\HackerRank_FS.fsproj", "{8ED20047-1BB3-46C2-8B1A-1CBFC4C63EDF}"
EndProject
Global
	GlobalSection(SolutionConfigurationPlatforms) = preSolution
		Debug|Any CPU = Debug|Any CPU
		Release|Any CPU = Release|Any CPU
	EndGlobalSection
	GlobalSection(ProjectConfigurationPlatforms) = postSolution
		{F3CBF3D3-31D7-466F-A168-7452ADE584CA}.Debug|Any CPU.ActiveCfg = Debug|Any CPU
		{F3CBF3D3-31D7-466F-A168-7452ADE584CA}.Debug|Any CPU.Build.0 = Debug|Any CPU
		{F3CBF3D3-31D7-466F-A168-7452ADE584CA}.Release|Any CPU.ActiveCfg = Release|Any CPU
		{F3CBF3D3-31D7-466F-A168-7452ADE584CA}.Release|Any CPU.Build.0 = Release|Any CPU
		{8ED20047-1BB3-46C2-8B1A-1CBFC4C63EDF}.Debug|Any CPU.ActiveCfg = Debug|Any CPU
		{8ED20047-1BB3-46C2-8B1A-1CBFC4C63EDF}.Debug|Any CPU.Build.0 = Debug|Any CPU
		{8ED20047-1BB3-46C2-8B1A-1CBFC4C63EDF}.Release|Any CPU.ActiveCfg = Release|Any CPU
		{8ED20047-1BB3-46C2-8B1A-1CBFC4C63EDF}.Release|Any CPU.Build.0 = Release|Any CPU
	EndGlobalSection
	GlobalSection(SolutionProperties) = preSolution
		HideSolutionNode = FALSE
	EndGlobalSection
EndGlobal
